
Microsoft Visual Studio Solution File, Format Version 12.00
# Visual Studio 14
VisualStudioVersion = 14.0.25420.1
MinimumVisualStudioVersion = 10.0.40219.1
Project("{FAE04EC0-301F-11D3-BF4B-00C04F79EFBC}") = "Calculator", "Calculator\Calculator\Calculator.csproj", "{8FB1852E-3C01-41D6-9651-86829F70A6B8}"
EndProject
Project("{FAE04EC0-301F-11D3-BF4B-00C04F79EFBC}") = "Calculator.Droid", "Calculator\Calculator.Droid\Calculator.Droid.csproj", "{B85FA9CD-699D-4ED9-94EE-80A96AFCA840}"
EndProject
Project("{FAE04EC0-301F-11D3-BF4B-00C04F79EFBC}") = "Calculator.iOS", "Calculator\Calculator.iOS\Calculator.iOS.csproj", "{A86F09C4-B6E4-4B05-855D-855E64A1E6C7}"
EndProject
Project("{FAE04EC0-301F-11D3-BF4B-00C04F79EFBC}") = "Calculator.WinPhone", "Calculator\Calculator.WinPhone\Calculator.WinPhone.csproj", "{A83BE08B-6DD7-44D1-B41E-0CD0B3556D59}"
EndProject
Project("{FAE04EC0-301F-11D3-BF4B-00C04F79EFBC}") = "Calculator.UWP", "Calculator\Calculator.UWP\Calculator.UWP.csproj", "{5C947B56-8A55-4E90-9338-AAADF79D8279}"
EndProject
Project("{FAE04EC0-301F-11D3-BF4B-00C04F79EFBC}") = "Calculator.Windows", "Calculator\Calculator.Windows\Calculator.Windows.csproj", "{D38FDFE3-92AF-4F64-80B0-32DC94AB0273}"
EndProject
Global
	GlobalSection(SolutionConfigurationPlatforms) = preSolution
		Ad-Hoc|Any CPU = Ad-Hoc|Any CPU
		Ad-Hoc|ARM = Ad-Hoc|ARM
		Ad-Hoc|iPhone = Ad-Hoc|iPhone
		Ad-Hoc|iPhoneSimulator = Ad-Hoc|iPhoneSimulator
		Ad-Hoc|x64 = Ad-Hoc|x64
		Ad-Hoc|x86 = Ad-Hoc|x86
		AppStore|Any CPU = AppStore|Any CPU
		AppStore|ARM = AppStore|ARM
		AppStore|iPhone = AppStore|iPhone
		AppStore|iPhoneSimulator = AppStore|iPhoneSimulator
		AppStore|x64 = AppStore|x64
		AppStore|x86 = AppStore|x86
		Debug|Any CPU = Debug|Any CPU
		Debug|ARM = Debug|ARM
		Debug|iPhone = Debug|iPhone
		Debug|iPhoneSimulator = Debug|iPhoneSimulator
		Debug|x64 = Debug|x64
		Debug|x86 = Debug|x86
		Release|Any CPU = Release|Any CPU
		Release|ARM = Release|ARM
		Release|iPhone = Release|iPhone
		Release|iPhoneSimulator = Release|iPhoneSimulator
		Release|x64 = Release|x64
		Release|x86 = Release|x86
	EndGlobalSection
	GlobalSection(ProjectConfigurationPlatforms) = postSolution
		{8FB1852E-3C01-41D6-9651-86829F70A6B8}.Ad-Hoc|Any CPU.ActiveCfg = Release|Any CPU
		{8FB1852E-3C01-41D6-9651-86829F70A6B8}.Ad-Hoc|Any CPU.Build.0 = Release|Any CPU
		{8FB1852E-3C01-41D6-9651-86829F70A6B8}.Ad-Hoc|ARM.ActiveCfg = Release|Any CPU
		{8FB1852E-3C01-41D6-9651-86829F70A6B8}.Ad-Hoc|ARM.Build.0 = Release|Any CPU
		{8FB1852E-3C01-41D6-9651-86829F70A6B8}.Ad-Hoc|iPhone.ActiveCfg = Release|Any CPU
		{8FB1852E-3C01-41D6-9651-86829F70A6B8}.Ad-Hoc|iPhone.Build.0 = Release|Any CPU
		{8FB1852E-3C01-41D6-9651-86829F70A6B8}.Ad-Hoc|iPhoneSimulator.ActiveCfg = Release|Any CPU
		{8FB1852E-3C01-41D6-9651-86829F70A6B8}.Ad-Hoc|iPhoneSimulator.Build.0 = Release|Any CPU
		{8FB1852E-3C01-41D6-9651-86829F70A6B8}.Ad-Hoc|x64.ActiveCfg = Release|Any CPU
		{8FB1852E-3C01-41D6-9651-86829F70A6B8}.Ad-Hoc|x64.Build.0 = Release|Any CPU
		{8FB1852E-3C01-41D6-9651-86829F70A6B8}.Ad-Hoc|x86.ActiveCfg = Release|Any CPU
		{8FB1852E-3C01-41D6-9651-86829F70A6B8}.Ad-Hoc|x86.Build.0 = Release|Any CPU
		{8FB1852E-3C01-41D6-9651-86829F70A6B8}.AppStore|Any CPU.ActiveCfg = Release|Any CPU
		{8FB1852E-3C01-41D6-9651-86829F70A6B8}.AppStore|Any CPU.Build.0 = Release|Any CPU
		{8FB1852E-3C01-41D6-9651-86829F70A6B8}.AppStore|ARM.ActiveCfg = Release|Any CPU
		{8FB1852E-3C01-41D6-9651-86829F70A6B8}.AppStore|ARM.Build.0 = Release|Any CPU
		{8FB1852E-3C01-41D6-9651-86829F70A6B8}.AppStore|iPhone.ActiveCfg = Release|Any CPU
		{8FB1852E-3C01-41D6-9651-86829F70A6B8}.AppStore|iPhone.Build.0 = Release|Any CPU
		{8FB1852E-3C01-41D6-9651-86829F70A6B8}.AppStore|iPhoneSimulator.ActiveCfg = Release|Any CPU
		{8FB1852E-3C01-41D6-9651-86829F70A6B8}.AppStore|iPhoneSimulator.Build.0 = Release|Any CPU
		{8FB1852E-3C01-41D6-9651-86829F70A6B8}.AppStore|x64.ActiveCfg = Release|Any CPU
		{8FB1852E-3C01-41D6-9651-86829F70A6B8}.AppStore|x64.Build.0 = Release|Any CPU
		{8FB1852E-3C01-41D6-9651-86829F70A6B8}.AppStore|x86.ActiveCfg = Release|Any CPU
		{8FB1852E-3C01-41D6-9651-86829F70A6B8}.AppStore|x86.Build.0 = Release|Any CPU
		{8FB1852E-3C01-41D6-9651-86829F70A6B8}.Debug|Any CPU.ActiveCfg = Debug|Any CPU
		{8FB1852E-3C01-41D6-9651-86829F70A6B8}.Debug|Any CPU.Build.0 = Debug|Any CPU
		{8FB1852E-3C01-41D6-9651-86829F70A6B8}.Debug|ARM.ActiveCfg = Debug|Any CPU
		{8FB1852E-3C01-41D6-9651-86829F70A6B8}.Debug|ARM.Build.0 = Debug|Any CPU
		{8FB1852E-3C01-41D6-9651-86829F70A6B8}.Debug|iPhone.ActiveCfg = Debug|Any CPU
		{8FB1852E-3C01-41D6-9651-86829F70A6B8}.Debug|iPhone.Build.0 = Debug|Any CPU
		{8FB1852E-3C01-41D6-9651-86829F70A6B8}.Debug|iPhoneSimulator.ActiveCfg = Debug|Any CPU
		{8FB1852E-3C01-41D6-9651-86829F70A6B8}.Debug|iPhoneSimulator.Build.0 = Debug|Any CPU
		{8FB1852E-3C01-41D6-9651-86829F70A6B8}.Debug|x64.ActiveCfg = Debug|Any CPU
		{8FB1852E-3C01-41D6-9651-86829F70A6B8}.Debug|x64.Build.0 = Debug|Any CPU
		{8FB1852E-3C01-41D6-9651-86829F70A6B8}.Debug|x86.ActiveCfg = Debug|Any CPU
		{8FB1852E-3C01-41D6-9651-86829F70A6B8}.Debug|x86.Build.0 = Debug|Any CPU
		{8FB1852E-3C01-41D6-9651-86829F70A6B8}.Release|Any CPU.ActiveCfg = Release|Any CPU
		{8FB1852E-3C01-41D6-9651-86829F70A6B8}.Release|Any CPU.Build.0 = Release|Any CPU
		{8FB1852E-3C01-41D6-9651-86829F70A6B8}.Release|ARM.ActiveCfg = Release|Any CPU
		{8FB1852E-3C01-41D6-9651-86829F70A6B8}.Release|ARM.Build.0 = Release|Any CPU
		{8FB1852E-3C01-41D6-9651-86829F70A6B8}.Release|iPhone.ActiveCfg = Release|Any CPU
		{8FB1852E-3C01-41D6-9651-86829F70A6B8}.Release|iPhone.Build.0 = Release|Any CPU
		{8FB1852E-3C01-41D6-9651-86829F70A6B8}.Release|iPhoneSimulator.ActiveCfg = Release|Any CPU
		{8FB1852E-3C01-41D6-9651-86829F70A6B8}.Release|iPhoneSimulator.Build.0 = Release|Any CPU
		{8FB1852E-3C01-41D6-9651-86829F70A6B8}.Release|x64.ActiveCfg = Release|Any CPU
		{8FB1852E-3C01-41D6-9651-86829F70A6B8}.Release|x64.Build.0 = Release|Any CPU
		{8FB1852E-3C01-41D6-9651-86829F70A6B8}.Release|x86.ActiveCfg = Release|Any CPU
		{8FB1852E-3C01-41D6-9651-86829F70A6B8}.Release|x86.Build.0 = Release|Any CPU
		{B85FA9CD-699D-4ED9-94EE-80A96AFCA840}.Ad-Hoc|Any CPU.ActiveCfg = Release|Any CPU
		{B85FA9CD-699D-4ED9-94EE-80A96AFCA840}.Ad-Hoc|Any CPU.Build.0 = Release|Any CPU
		{B85FA9CD-699D-4ED9-94EE-80A96AFCA840}.Ad-Hoc|Any CPU.Deploy.0 = Release|Any CPU
		{B85FA9CD-699D-4ED9-94EE-80A96AFCA840}.Ad-Hoc|ARM.ActiveCfg = Release|Any CPU
		{B85FA9CD-699D-4ED9-94EE-80A96AFCA840}.Ad-Hoc|ARM.Build.0 = Release|Any CPU
		{B85FA9CD-699D-4ED9-94EE-80A96AFCA840}.Ad-Hoc|ARM.Deploy.0 = Release|Any CPU
		{B85FA9CD-699D-4ED9-94EE-80A96AFCA840}.Ad-Hoc|iPhone.ActiveCfg = Release|Any CPU
		{B85FA9CD-699D-4ED9-94EE-80A96AFCA840}.Ad-Hoc|iPhone.Build.0 = Release|Any CPU
		{B85FA9CD-699D-4ED9-94EE-80A96AFCA840}.Ad-Hoc|iPhone.Deploy.0 = Release|Any CPU
		{B85FA9CD-699D-4ED9-94EE-80A96AFCA840}.Ad-Hoc|iPhoneSimulator.ActiveCfg = Release|Any CPU
		{B85FA9CD-699D-4ED9-94EE-80A96AFCA840}.Ad-Hoc|iPhoneSimulator.Build.0 = Release|Any CPU
		{B85FA9CD-699D-4ED9-94EE-80A96AFCA840}.Ad-Hoc|iPhoneSimulator.Deploy.0 = Release|Any CPU
		{B85FA9CD-699D-4ED9-94EE-80A96AFCA840}.Ad-Hoc|x64.ActiveCfg = Release|Any CPU
		{B85FA9CD-699D-4ED9-94EE-80A96AFCA840}.Ad-Hoc|x64.Build.0 = Release|Any CPU
		{B85FA9CD-699D-4ED9-94EE-80A96AFCA840}.Ad-Hoc|x64.Deploy.0 = Release|Any CPU
		{B85FA9CD-699D-4ED9-94EE-80A96AFCA840}.Ad-Hoc|x86.ActiveCfg = Release|Any CPU
		{B85FA9CD-699D-4ED9-94EE-80A96AFCA840}.Ad-Hoc|x86.Build.0 = Release|Any CPU
		{B85FA9CD-699D-4ED9-94EE-80A96AFCA840}.Ad-Hoc|x86.Deploy.0 = Release|Any CPU
		{B85FA9CD-699D-4ED9-94EE-80A96AFCA840}.AppStore|Any CPU.ActiveCfg = Release|Any CPU
		{B85FA9CD-699D-4ED9-94EE-80A96AFCA840}.AppStore|Any CPU.Build.0 = Release|Any CPU
		{B85FA9CD-699D-4ED9-94EE-80A96AFCA840}.AppStore|Any CPU.Deploy.0 = Release|Any CPU
		{B85FA9CD-699D-4ED9-94EE-80A96AFCA840}.AppStore|ARM.ActiveCfg = Release|Any CPU
		{B85FA9CD-699D-4ED9-94EE-80A96AFCA840}.AppStore|ARM.Build.0 = Release|Any CPU
		{B85FA9CD-699D-4ED9-94EE-80A96AFCA840}.AppStore|ARM.Deploy.0 = Release|Any CPU
		{B85FA9CD-699D-4ED9-94EE-80A96AFCA840}.AppStore|iPhone.ActiveCfg = Release|Any CPU
		{B85FA9CD-699D-4ED9-94EE-80A96AFCA840}.AppStore|iPhone.Build.0 = Release|Any CPU
		{B85FA9CD-699D-4ED9-94EE-80A96AFCA840}.AppStore|iPhone.Deploy.0 = Release|Any CPU
		{B85FA9CD-699D-4ED9-94EE-80A96AFCA840}.AppStore|iPhoneSimulator.ActiveCfg = Release|Any CPU
		{B85FA9CD-699D-4ED9-94EE-80A96AFCA840}.AppStore|iPhoneSimulator.Build.0 = Release|Any CPU
		{B85FA9CD-699D-4ED9-94EE-80A96AFCA840}.AppStore|iPhoneSimulator.Deploy.0 = Release|Any CPU
		{B85FA9CD-699D-4ED9-94EE-80A96AFCA840}.AppStore|x64.ActiveCfg = Release|Any CPU
		{B85FA9CD-699D-4ED9-94EE-80A96AFCA840}.AppStore|x64.Build.0 = Release|Any CPU
		{B85FA9CD-699D-4ED9-94EE-80A96AFCA840}.AppStore|x64.Deploy.0 = Release|Any CPU
		{B85FA9CD-699D-4ED9-94EE-80A96AFCA840}.AppStore|x86.ActiveCfg = Release|Any CPU
		{B85FA9CD-699D-4ED9-94EE-80A96AFCA840}.AppStore|x86.Build.0 = Release|Any CPU
		{B85FA9CD-699D-4ED9-94EE-80A96AFCA840}.AppStore|x86.Deploy.0 = Release|Any CPU
		{B85FA9CD-699D-4ED9-94EE-80A96AFCA840}.Debug|Any CPU.ActiveCfg = Debug|Any CPU
		{B85FA9CD-699D-4ED9-94EE-80A96AFCA840}.Debug|Any CPU.Build.0 = Debug|Any CPU
		{B85FA9CD-699D-4ED9-94EE-80A96AFCA840}.Debug|Any CPU.Deploy.0 = Debug|Any CPU
		{B85FA9CD-699D-4ED9-94EE-80A96AFCA840}.Debug|ARM.ActiveCfg = Debug|Any CPU
		{B85FA9CD-699D-4ED9-94EE-80A96AFCA840}.Debug|ARM.Build.0 = Debug|Any CPU
		{B85FA9CD-699D-4ED9-94EE-80A96AFCA840}.Debug|ARM.Deploy.0 = Debug|Any CPU
		{B85FA9CD-699D-4ED9-94EE-80A96AFCA840}.Debug|iPhone.ActiveCfg = Debug|Any CPU
		{B85FA9CD-699D-4ED9-94EE-80A96AFCA840}.Debug|iPhone.Build.0 = Debug|Any CPU
		{B85FA9CD-699D-4ED9-94EE-80A96AFCA840}.Debug|iPhone.Deploy.0 = Debug|Any CPU
		{B85FA9CD-699D-4ED9-94EE-80A96AFCA840}.Debug|iPhoneSimulator.ActiveCfg = Debug|Any CPU
		{B85FA9CD-699D-4ED9-94EE-80A96AFCA840}.Debug|iPhoneSimulator.Build.0 = Debug|Any CPU
		{B85FA9CD-699D-4ED9-94EE-80A96AFCA840}.Debug|iPhoneSimulator.Deploy.0 = Debug|Any CPU
		{B85FA9CD-699D-4ED9-94EE-80A96AFCA840}.Debug|x64.ActiveCfg = Debug|Any CPU
		{B85FA9CD-699D-4ED9-94EE-80A96AFCA840}.Debug|x64.Build.0 = Debug|Any CPU
		{B85FA9CD-699D-4ED9-94EE-80A96AFCA840}.Debug|x64.Deploy.0 = Debug|Any CPU
		{B85FA9CD-699D-4ED9-94EE-80A96AFCA840}.Debug|x86.ActiveCfg = Debug|Any CPU
		{B85FA9CD-699D-4ED9-94EE-80A96AFCA840}.Debug|x86.Build.0 = Debug|Any CPU
		{B85FA9CD-699D-4ED9-94EE-80A96AFCA840}.Debug|x86.Deploy.0 = Debug|Any CPU
		{B85FA9CD-699D-4ED9-94EE-80A96AFCA840}.Release|Any CPU.ActiveCfg = Release|Any CPU
		{B85FA9CD-699D-4ED9-94EE-80A96AFCA840}.Release|Any CPU.Build.0 = Release|Any CPU
		{B85FA9CD-699D-4ED9-94EE-80A96AFCA840}.Release|Any CPU.Deploy.0 = Release|Any CPU
		{B85FA9CD-699D-4ED9-94EE-80A96AFCA840}.Release|ARM.ActiveCfg = Release|Any CPU
		{B85FA9CD-699D-4ED9-94EE-80A96AFCA840}.Release|ARM.Build.0 = Release|Any CPU
		{B85FA9CD-699D-4ED9-94EE-80A96AFCA840}.Release|ARM.Deploy.0 = Release|Any CPU
		{B85FA9CD-699D-4ED9-94EE-80A96AFCA840}.Release|iPhone.ActiveCfg = Release|Any CPU
		{B85FA9CD-699D-4ED9-94EE-80A96AFCA840}.Release|iPhone.Build.0 = Release|Any CPU
		{B85FA9CD-699D-4ED9-94EE-80A96AFCA840}.Release|iPhone.Deploy.0 = Release|Any CPU
		{B85FA9CD-699D-4ED9-94EE-80A96AFCA840}.Release|iPhoneSimulator.ActiveCfg = Release|Any CPU
		{B85FA9CD-699D-4ED9-94EE-80A96AFCA840}.Release|iPhoneSimulator.Build.0 = Release|Any CPU
		{B85FA9CD-699D-4ED9-94EE-80A96AFCA840}.Release|iPhoneSimulator.Deploy.0 = Release|Any CPU
		{B85FA9CD-699D-4ED9-94EE-80A96AFCA840}.Release|x64.ActiveCfg = Release|Any CPU
		{B85FA9CD-699D-4ED9-94EE-80A96AFCA840}.Release|x64.Build.0 = Release|Any CPU
		{B85FA9CD-699D-4ED9-94EE-80A96AFCA840}.Release|x64.Deploy.0 = Release|Any CPU
		{B85FA9CD-699D-4ED9-94EE-80A96AFCA840}.Release|x86.ActiveCfg = Release|Any CPU
		{B85FA9CD-699D-4ED9-94EE-80A96AFCA840}.Release|x86.Build.0 = Release|Any CPU
		{B85FA9CD-699D-4ED9-94EE-80A96AFCA840}.Release|x86.Deploy.0 = Release|Any CPU
		{A86F09C4-B6E4-4B05-855D-855E64A1E6C7}.Ad-Hoc|Any CPU.ActiveCfg = Ad-Hoc|iPhone
		{A86F09C4-B6E4-4B05-855D-855E64A1E6C7}.Ad-Hoc|ARM.ActiveCfg = Ad-Hoc|iPhone
		{A86F09C4-B6E4-4B05-855D-855E64A1E6C7}.Ad-Hoc|iPhone.ActiveCfg = Ad-Hoc|iPhone
		{A86F09C4-B6E4-4B05-855D-855E64A1E6C7}.Ad-Hoc|iPhone.Build.0 = Ad-Hoc|iPhone
		{A86F09C4-B6E4-4B05-855D-855E64A1E6C7}.Ad-Hoc|iPhoneSimulator.ActiveCfg = Ad-Hoc|iPhoneSimulator
		{A86F09C4-B6E4-4B05-855D-855E64A1E6C7}.Ad-Hoc|iPhoneSimulator.Build.0 = Ad-Hoc|iPhoneSimulator
		{A86F09C4-B6E4-4B05-855D-855E64A1E6C7}.Ad-Hoc|x64.ActiveCfg = Ad-Hoc|iPhone
		{A86F09C4-B6E4-4B05-855D-855E64A1E6C7}.Ad-Hoc|x86.ActiveCfg = Ad-Hoc|iPhone
		{A86F09C4-B6E4-4B05-855D-855E64A1E6C7}.AppStore|Any CPU.ActiveCfg = AppStore|iPhone
		{A86F09C4-B6E4-4B05-855D-855E64A1E6C7}.AppStore|ARM.ActiveCfg = AppStore|iPhone
		{A86F09C4-B6E4-4B05-855D-855E64A1E6C7}.AppStore|iPhone.ActiveCfg = AppStore|iPhone
		{A86F09C4-B6E4-4B05-855D-855E64A1E6C7}.AppStore|iPhone.Build.0 = AppStore|iPhone
		{A86F09C4-B6E4-4B05-855D-855E64A1E6C7}.AppStore|iPhoneSimulator.ActiveCfg = AppStore|iPhoneSimulator
		{A86F09C4-B6E4-4B05-855D-855E64A1E6C7}.AppStore|iPhoneSimulator.Build.0 = AppStore|iPhoneSimulator
		{A86F09C4-B6E4-4B05-855D-855E64A1E6C7}.AppStore|x64.ActiveCfg = AppStore|iPhone
		{A86F09C4-B6E4-4B05-855D-855E64A1E6C7}.AppStore|x86.ActiveCfg = AppStore|iPhone
		{A86F09C4-B6E4-4B05-855D-855E64A1E6C7}.Debug|Any CPU.ActiveCfg = Debug|iPhone
		{A86F09C4-B6E4-4B05-855D-855E64A1E6C7}.Debug|ARM.ActiveCfg = Debug|iPhone
		{A86F09C4-B6E4-4B05-855D-855E64A1E6C7}.Debug|iPhone.ActiveCfg = Debug|iPhone
		{A86F09C4-B6E4-4B05-855D-855E64A1E6C7}.Debug|iPhone.Build.0 = Debug|iPhone
		{A86F09C4-B6E4-4B05-855D-855E64A1E6C7}.Debug|iPhoneSimulator.ActiveCfg = Debug|iPhoneSimulator
		{A86F09C4-B6E4-4B05-855D-855E64A1E6C7}.Debug|iPhoneSimulator.Build.0 = Debug|iPhoneSimulator
		{A86F09C4-B6E4-4B05-855D-855E64A1E6C7}.Debug|x64.ActiveCfg = Debug|iPhone
		{A86F09C4-B6E4-4B05-855D-855E64A1E6C7}.Debug|x86.ActiveCfg = Debug|iPhone
		{A86F09C4-B6E4-4B05-855D-855E64A1E6C7}.Release|Any CPU.ActiveCfg = Release|iPhone
		{A86F09C4-B6E4-4B05-855D-855E64A1E6C7}.Release|ARM.ActiveCfg = Release|iPhone
		{A86F09C4-B6E4-4B05-855D-855E64A1E6C7}.Release|iPhone.ActiveCfg = Release|iPhone
		{A86F09C4-B6E4-4B05-855D-855E64A1E6C7}.Release|iPhone.Build.0 = Release|iPhone
		{A86F09C4-B6E4-4B05-855D-855E64A1E6C7}.Release|iPhoneSimulator.ActiveCfg = Release|iPhoneSimulator
		{A86F09C4-B6E4-4B05-855D-855E64A1E6C7}.Release|iPhoneSimulator.Build.0 = Release|iPhoneSimulator
		{A86F09C4-B6E4-4B05-855D-855E64A1E6C7}.Release|x64.ActiveCfg = Release|iPhone
		{A86F09C4-B6E4-4B05-855D-855E64A1E6C7}.Release|x86.ActiveCfg = Release|iPhone
		{A83BE08B-6DD7-44D1-B41E-0CD0B3556D59}.Ad-Hoc|Any CPU.ActiveCfg = Release|Any CPU
		{A83BE08B-6DD7-44D1-B41E-0CD0B3556D59}.Ad-Hoc|Any CPU.Build.0 = Release|Any CPU
		{A83BE08B-6DD7-44D1-B41E-0CD0B3556D59}.Ad-Hoc|Any CPU.Deploy.0 = Release|Any CPU
		{A83BE08B-6DD7-44D1-B41E-0CD0B3556D59}.Ad-Hoc|ARM.ActiveCfg = Release|ARM
		{A83BE08B-6DD7-44D1-B41E-0CD0B3556D59}.Ad-Hoc|ARM.Build.0 = Release|ARM
		{A83BE08B-6DD7-44D1-B41E-0CD0B3556D59}.Ad-Hoc|ARM.Deploy.0 = Release|ARM
		{A83BE08B-6DD7-44D1-B41E-0CD0B3556D59}.Ad-Hoc|iPhone.ActiveCfg = Release|Any CPU
		{A83BE08B-6DD7-44D1-B41E-0CD0B3556D59}.Ad-Hoc|iPhone.Build.0 = Release|Any CPU
		{A83BE08B-6DD7-44D1-B41E-0CD0B3556D59}.Ad-Hoc|iPhone.Deploy.0 = Release|Any CPU
		{A83BE08B-6DD7-44D1-B41E-0CD0B3556D59}.Ad-Hoc|iPhoneSimulator.ActiveCfg = Release|Any CPU
		{A83BE08B-6DD7-44D1-B41E-0CD0B3556D59}.Ad-Hoc|iPhoneSimulator.Build.0 = Release|Any CPU
		{A83BE08B-6DD7-44D1-B41E-0CD0B3556D59}.Ad-Hoc|iPhoneSimulator.Deploy.0 = Release|Any CPU
		{A83BE08B-6DD7-44D1-B41E-0CD0B3556D59}.Ad-Hoc|x64.ActiveCfg = Release|Any CPU
		{A83BE08B-6DD7-44D1-B41E-0CD0B3556D59}.Ad-Hoc|x64.Build.0 = Release|Any CPU
		{A83BE08B-6DD7-44D1-B41E-0CD0B3556D59}.Ad-Hoc|x64.Deploy.0 = Release|Any CPU
		{A83BE08B-6DD7-44D1-B41E-0CD0B3556D59}.Ad-Hoc|x86.ActiveCfg = Release|x86
		{A83BE08B-6DD7-44D1-B41E-0CD0B3556D59}.Ad-Hoc|x86.Build.0 = Release|x86
		{A83BE08B-6DD7-44D1-B41E-0CD0B3556D59}.Ad-Hoc|x86.Deploy.0 = Release|x86
		{A83BE08B-6DD7-44D1-B41E-0CD0B3556D59}.AppStore|Any CPU.ActiveCfg = Release|Any CPU
		{A83BE08B-6DD7-44D1-B41E-0CD0B3556D59}.AppStore|Any CPU.Build.0 = Release|Any CPU
		{A83BE08B-6DD7-44D1-B41E-0CD0B3556D59}.AppStore|Any CPU.Deploy.0 = Release|Any CPU
		{A83BE08B-6DD7-44D1-B41E-0CD0B3556D59}.AppStore|ARM.ActiveCfg = Release|ARM
		{A83BE08B-6DD7-44D1-B41E-0CD0B3556D59}.AppStore|ARM.Build.0 = Release|ARM
		{A83BE08B-6DD7-44D1-B41E-0CD0B3556D59}.AppStore|ARM.Deploy.0 = Release|ARM
		{A83BE08B-6DD7-44D1-B41E-0CD0B3556D59}.AppStore|iPhone.ActiveCfg = Release|Any CPU
		{A83BE08B-6DD7-44D1-B41E-0CD0B3556D59}.AppStore|iPhone.Build.0 = Release|Any CPU
		{A83BE08B-6DD7-44D1-B41E-0CD0B3556D59}.AppStore|iPhone.Deploy.0 = Release|Any CPU
		{A83BE08B-6DD7-44D1-B41E-0CD0B3556D59}.AppStore|iPhoneSimulator.ActiveCfg = Release|Any CPU
		{A83BE08B-6DD7-44D1-B41E-0CD0B3556D59}.AppStore|iPhoneSimulator.Build.0 = Release|Any CPU
		{A83BE08B-6DD7-44D1-B41E-0CD0B3556D59}.AppStore|iPhoneSimulator.Deploy.0 = Release|Any CPU
		{A83BE08B-6DD7-44D1-B41E-0CD0B3556D59}.AppStore|x64.ActiveCfg = Release|Any CPU
		{A83BE08B-6DD7-44D1-B41E-0CD0B3556D59}.AppStore|x64.Build.0 = Release|Any CPU
		{A83BE08B-6DD7-44D1-B41E-0CD0B3556D59}.AppStore|x64.Deploy.0 = Release|Any CPU
		{A83BE08B-6DD7-44D1-B41E-0CD0B3556D59}.AppStore|x86.ActiveCfg = Release|x86
		{A83BE08B-6DD7-44D1-B41E-0CD0B3556D59}.AppStore|x86.Build.0 = Release|x86
		{A83BE08B-6DD7-44D1-B41E-0CD0B3556D59}.AppStore|x86.Deploy.0 = Release|x86
		{A83BE08B-6DD7-44D1-B41E-0CD0B3556D59}.Debug|Any CPU.ActiveCfg = Debug|Any CPU
		{A83BE08B-6DD7-44D1-B41E-0CD0B3556D59}.Debug|Any CPU.Build.0 = Debug|Any CPU
		{A83BE08B-6DD7-44D1-B41E-0CD0B3556D59}.Debug|Any CPU.Deploy.0 = Debug|Any CPU
		{A83BE08B-6DD7-44D1-B41E-0CD0B3556D59}.Debug|ARM.ActiveCfg = Debug|ARM
		{A83BE08B-6DD7-44D1-B41E-0CD0B3556D59}.Debug|ARM.Build.0 = Debug|ARM
		{A83BE08B-6DD7-44D1-B41E-0CD0B3556D59}.Debug|ARM.Deploy.0 = Debug|ARM
		{A83BE08B-6DD7-44D1-B41E-0CD0B3556D59}.Debug|iPhone.ActiveCfg = Debug|Any CPU
		{A83BE08B-6DD7-44D1-B41E-0CD0B3556D59}.Debug|iPhone.Build.0 = Debug|Any CPU
		{A83BE08B-6DD7-44D1-B41E-0CD0B3556D59}.Debug|iPhone.Deploy.0 = Debug|Any CPU
		{A83BE08B-6DD7-44D1-B41E-0CD0B3556D59}.Debug|iPhoneSimulator.ActiveCfg = Debug|Any CPU
		{A83BE08B-6DD7-44D1-B41E-0CD0B3556D59}.Debug|iPhoneSimulator.Build.0 = Debug|Any CPU
		{A83BE08B-6DD7-44D1-B41E-0CD0B3556D59}.Debug|iPhoneSimulator.Deploy.0 = Debug|Any CPU
		{A83BE08B-6DD7-44D1-B41E-0CD0B3556D59}.Debug|x64.ActiveCfg = Debug|Any CPU
		{A83BE08B-6DD7-44D1-B41E-0CD0B3556D59}.Debug|x64.Build.0 = Debug|Any CPU
		{A83BE08B-6DD7-44D1-B41E-0CD0B3556D59}.Debug|x64.Deploy.0 = Debug|Any CPU
		{A83BE08B-6DD7-44D1-B41E-0CD0B3556D59}.Debug|x86.ActiveCfg = Debug|x86
		{A83BE08B-6DD7-44D1-B41E-0CD0B3556D59}.Debug|x86.Build.0 = Debug|x86
		{A83BE08B-6DD7-44D1-B41E-0CD0B3556D59}.Debug|x86.Deploy.0 = Debug|x86
		{A83BE08B-6DD7-44D1-B41E-0CD0B3556D59}.Release|Any CPU.ActiveCfg = Release|Any CPU
		{A83BE08B-6DD7-44D1-B41E-0CD0B3556D59}.Release|Any CPU.Build.0 = Release|Any CPU
		{A83BE08B-6DD7-44D1-B41E-0CD0B3556D59}.Release|Any CPU.Deploy.0 = Release|Any CPU
		{A83BE08B-6DD7-44D1-B41E-0CD0B3556D59}.Release|ARM.ActiveCfg = Release|ARM
		{A83BE08B-6DD7-44D1-B41E-0CD0B3556D59}.Release|ARM.Build.0 = Release|ARM
		{A83BE08B-6DD7-44D1-B41E-0CD0B3556D59}.Release|ARM.Deploy.0 = Release|ARM
		{A83BE08B-6DD7-44D1-B41E-0CD0B3556D59}.Release|iPhone.ActiveCfg = Release|Any CPU
		{A83BE08B-6DD7-44D1-B41E-0CD0B3556D59}.Release|iPhone.Build.0 = Release|Any CPU
		{A83BE08B-6DD7-44D1-B41E-0CD0B3556D59}.Release|iPhone.Deploy.0 = Release|Any CPU
		{A83BE08B-6DD7-44D1-B41E-0CD0B3556D59}.Release|iPhoneSimulator.ActiveCfg = Release|Any CPU
		{A83BE08B-6DD7-44D1-B41E-0CD0B3556D59}.Release|iPhoneSimulator.Build.0 = Release|Any CPU
		{A83BE08B-6DD7-44D1-B41E-0CD0B3556D59}.Release|iPhoneSimulator.Deploy.0 = Release|Any CPU
		{A83BE08B-6DD7-44D1-B41E-0CD0B3556D59}.Release|x64.ActiveCfg = Release|Any CPU
		{A83BE08B-6DD7-44D1-B41E-0CD0B3556D59}.Release|x64.Build.0 = Release|Any CPU
		{A83BE08B-6DD7-44D1-B41E-0CD0B3556D59}.Release|x64.Deploy.0 = Release|Any CPU
		{A83BE08B-6DD7-44D1-B41E-0CD0B3556D59}.Release|x86.ActiveCfg = Release|x86
		{A83BE08B-6DD7-44D1-B41E-0CD0B3556D59}.Release|x86.Build.0 = Release|x86
		{A83BE08B-6DD7-44D1-B41E-0CD0B3556D59}.Release|x86.Deploy.0 = Release|x86
		{5C947B56-8A55-4E90-9338-AAADF79D8279}.Ad-Hoc|Any CPU.ActiveCfg = Release|x86
		{5C947B56-8A55-4E90-9338-AAADF79D8279}.Ad-Hoc|Any CPU.Build.0 = Release|x86
		{5C947B56-8A55-4E90-9338-AAADF79D8279}.Ad-Hoc|Any CPU.Deploy.0 = Release|x86
		{5C947B56-8A55-4E90-9338-AAADF79D8279}.Ad-Hoc|ARM.ActiveCfg = Release|ARM
		{5C947B56-8A55-4E90-9338-AAADF79D8279}.Ad-Hoc|ARM.Build.0 = Release|ARM
		{5C947B56-8A55-4E90-9338-AAADF79D8279}.Ad-Hoc|ARM.Deploy.0 = Release|ARM
		{5C947B56-8A55-4E90-9338-AAADF79D8279}.Ad-Hoc|iPhone.ActiveCfg = Release|x86
		{5C947B56-8A55-4E90-9338-AAADF79D8279}.Ad-Hoc|iPhone.Build.0 = Release|x86
		{5C947B56-8A55-4E90-9338-AAADF79D8279}.Ad-Hoc|iPhone.Deploy.0 = Release|x86
		{5C947B56-8A55-4E90-9338-AAADF79D8279}.Ad-Hoc|iPhoneSimulator.ActiveCfg = Release|x86
		{5C947B56-8A55-4E90-9338-AAADF79D8279}.Ad-Hoc|iPhoneSimulator.Build.0 = Release|x86
		{5C947B56-8A55-4E90-9338-AAADF79D8279}.Ad-Hoc|iPhoneSimulator.Deploy.0 = Release|x86
		{5C947B56-8A55-4E90-9338-AAADF79D8279}.Ad-Hoc|x64.ActiveCfg = Release|x64
		{5C947B56-8A55-4E90-9338-AAADF79D8279}.Ad-Hoc|x64.Build.0 = Release|x64
		{5C947B56-8A55-4E90-9338-AAADF79D8279}.Ad-Hoc|x64.Deploy.0 = Release|x64
		{5C947B56-8A55-4E90-9338-AAADF79D8279}.Ad-Hoc|x86.ActiveCfg = Release|x86
		{5C947B56-8A55-4E90-9338-AAADF79D8279}.Ad-Hoc|x86.Build.0 = Release|x86
		{5C947B56-8A55-4E90-9338-AAADF79D8279}.Ad-Hoc|x86.Deploy.0 = Release|x86
		{5C947B56-8A55-4E90-9338-AAADF79D8279}.AppStore|Any CPU.ActiveCfg = Release|x86
		{5C947B56-8A55-4E90-9338-AAADF79D8279}.AppStore|Any CPU.Build.0 = Release|x86
		{5C947B56-8A55-4E90-9338-AAADF79D8279}.AppStore|Any CPU.Deploy.0 = Release|x86
		{5C947B56-8A55-4E90-9338-AAADF79D8279}.AppStore|ARM.ActiveCfg = Release|ARM
		{5C947B56-8A55-4E90-9338-AAADF79D8279}.AppStore|ARM.Build.0 = Release|ARM
		{5C947B56-8A55-4E90-9338-AAADF79D8279}.AppStore|ARM.Deploy.0 = Release|ARM
		{5C947B56-8A55-4E90-9338-AAADF79D8279}.AppStore|iPhone.ActiveCfg = Release|x86
		{5C947B56-8A55-4E90-9338-AAADF79D8279}.AppStore|iPhone.Build.0 = Release|x86
		{5C947B56-8A55-4E90-9338-AAADF79D8279}.AppStore|iPhone.Deploy.0 = Release|x86
		{5C947B56-8A55-4E90-9338-AAADF79D8279}.AppStore|iPhoneSimulator.ActiveCfg = Release|x86
		{5C947B56-8A55-4E90-9338-AAADF79D8279}.AppStore|iPhoneSimulator.Build.0 = Release|x86
		{5C947B56-8A55-4E90-9338-AAADF79D8279}.AppStore|iPhoneSimulator.Deploy.0 = Release|x86
		{5C947B56-8A55-4E90-9338-AAADF79D8279}.AppStore|x64.ActiveCfg = Release|x64
		{5C947B56-8A55-4E90-9338-AAADF79D8279}.AppStore|x64.Build.0 = Release|x64
		{5C947B56-8A55-4E90-9338-AAADF79D8279}.AppStore|x64.Deploy.0 = Release|x64
		{5C947B56-8A55-4E90-9338-AAADF79D8279}.AppStore|x86.ActiveCfg = Release|x86
		{5C947B56-8A55-4E90-9338-AAADF79D8279}.AppStore|x86.Build.0 = Release|x86
		{5C947B56-8A55-4E90-9338-AAADF79D8279}.AppStore|x86.Deploy.0 = Release|x86
		{5C947B56-8A55-4E90-9338-AAADF79D8279}.Debug|Any CPU.ActiveCfg = Debug|x86
		{5C947B56-8A55-4E90-9338-AAADF79D8279}.Debug|ARM.ActiveCfg = Debug|ARM
		{5C947B56-8A55-4E90-9338-AAADF79D8279}.Debug|ARM.Build.0 = Debug|ARM
		{5C947B56-8A55-4E90-9338-AAADF79D8279}.Debug|ARM.Deploy.0 = Debug|ARM
		{5C947B56-8A55-4E90-9338-AAADF79D8279}.Debug|iPhone.ActiveCfg = Debug|x86
		{5C947B56-8A55-4E90-9338-AAADF79D8279}.Debug|iPhoneSimulator.ActiveCfg = Debug|x86
		{5C947B56-8A55-4E90-9338-AAADF79D8279}.Debug|x64.ActiveCfg = Debug|x64
		{5C947B56-8A55-4E90-9338-AAADF79D8279}.Debug|x64.Build.0 = Debug|x64
		{5C947B56-8A55-4E90-9338-AAADF79D8279}.Debug|x64.Deploy.0 = Debug|x64
		{5C947B56-8A55-4E90-9338-AAADF79D8279}.Debug|x86.ActiveCfg = Debug|x86
		{5C947B56-8A55-4E90-9338-AAADF79D8279}.Debug|x86.Build.0 = Debug|x86
		{5C947B56-8A55-4E90-9338-AAADF79D8279}.Debug|x86.Deploy.0 = Debug|x86
		{5C947B56-8A55-4E90-9338-AAADF79D8279}.Release|Any CPU.ActiveCfg = Release|x86
		{5C947B56-8A55-4E90-9338-AAADF79D8279}.Release|ARM.ActiveCfg = Release|ARM
		{5C947B56-8A55-4E90-9338-AAADF79D8279}.Release|ARM.Build.0 = Release|ARM
		{5C947B56-8A55-4E90-9338-AAADF79D8279}.Release|ARM.Deploy.0 = Release|ARM
		{5C947B56-8A55-4E90-9338-AAADF79D8279}.Release|iPhone.ActiveCfg = Release|x86
		{5C947B56-8A55-4E90-9338-AAADF79D8279}.Release|iPhoneSimulator.ActiveCfg = Release|x86
		{5C947B56-8A55-4E90-9338-AAADF79D8279}.Release|x64.ActiveCfg = Release|x64
		{5C947B56-8A55-4E90-9338-AAADF79D8279}.Release|x64.Build.0 = Release|x64
		{5C947B56-8A55-4E90-9338-AAADF79D8279}.Release|x64.Deploy.0 = Release|x64
		{5C947B56-8A55-4E90-9338-AAADF79D8279}.Release|x86.ActiveCfg = Release|x86
		{5C947B56-8A55-4E90-9338-AAADF79D8279}.Release|x86.Build.0 = Release|x86
		{5C947B56-8A55-4E90-9338-AAADF79D8279}.Release|x86.Deploy.0 = Release|x86
		{D38FDFE3-92AF-4F64-80B0-32DC94AB0273}.Ad-Hoc|Any CPU.ActiveCfg = Release|Any CPU
		{D38FDFE3-92AF-4F64-80B0-32DC94AB0273}.Ad-Hoc|Any CPU.Build.0 = Release|Any CPU
		{D38FDFE3-92AF-4F64-80B0-32DC94AB0273}.Ad-Hoc|Any CPU.Deploy.0 = Release|Any CPU
		{D38FDFE3-92AF-4F64-80B0-32DC94AB0273}.Ad-Hoc|ARM.ActiveCfg = Release|ARM
		{D38FDFE3-92AF-4F64-80B0-32DC94AB0273}.Ad-Hoc|ARM.Build.0 = Release|ARM
		{D38FDFE3-92AF-4F64-80B0-32DC94AB0273}.Ad-Hoc|ARM.Deploy.0 = Release|ARM
		{D38FDFE3-92AF-4F64-80B0-32DC94AB0273}.Ad-Hoc|iPhone.ActiveCfg = Release|Any CPU
		{D38FDFE3-92AF-4F64-80B0-32DC94AB0273}.Ad-Hoc|iPhone.Build.0 = Release|Any CPU
		{D38FDFE3-92AF-4F64-80B0-32DC94AB0273}.Ad-Hoc|iPhone.Deploy.0 = Release|Any CPU
		{D38FDFE3-92AF-4F64-80B0-32DC94AB0273}.Ad-Hoc|iPhoneSimulator.ActiveCfg = Release|Any CPU
		{D38FDFE3-92AF-4F64-80B0-32DC94AB0273}.Ad-Hoc|iPhoneSimulator.Build.0 = Release|Any CPU
		{D38FDFE3-92AF-4F64-80B0-32DC94AB0273}.Ad-Hoc|iPhoneSimulator.Deploy.0 = Release|Any CPU
		{D38FDFE3-92AF-4F64-80B0-32DC94AB0273}.Ad-Hoc|x64.ActiveCfg = Release|x64
		{D38FDFE3-92AF-4F64-80B0-32DC94AB0273}.Ad-Hoc|x64.Build.0 = Release|x64
		{D38FDFE3-92AF-4F64-80B0-32DC94AB0273}.Ad-Hoc|x64.Deploy.0 = Release|x64
		{D38FDFE3-92AF-4F64-80B0-32DC94AB0273}.Ad-Hoc|x86.ActiveCfg = Release|x86
		{D38FDFE3-92AF-4F64-80B0-32DC94AB0273}.Ad-Hoc|x86.Build.0 = Release|x86
		{D38FDFE3-92AF-4F64-80B0-32DC94AB0273}.Ad-Hoc|x86.Deploy.0 = Release|x86
		{D38FDFE3-92AF-4F64-80B0-32DC94AB0273}.AppStore|Any CPU.ActiveCfg = Release|Any CPU
		{D38FDFE3-92AF-4F64-80B0-32DC94AB0273}.AppStore|Any CPU.Build.0 = Release|Any CPU
		{D38FDFE3-92AF-4F64-80B0-32DC94AB0273}.AppStore|Any CPU.Deploy.0 = Release|Any CPU
		{D38FDFE3-92AF-4F64-80B0-32DC94AB0273}.AppStore|ARM.ActiveCfg = Release|ARM
		{D38FDFE3-92AF-4F64-80B0-32DC94AB0273}.AppStore|ARM.Build.0 = Release|ARM
		{D38FDFE3-92AF-4F64-80B0-32DC94AB0273}.AppStore|ARM.Deploy.0 = Release|ARM
		{D38FDFE3-92AF-4F64-80B0-32DC94AB0273}.AppStore|iPhone.ActiveCfg = Release|Any CPU
		{D38FDFE3-92AF-4F64-80B0-32DC94AB0273}.AppStore|iPhone.Build.0 = Release|Any CPU
		{D38FDFE3-92AF-4F64-80B0-32DC94AB0273}.AppStore|iPhone.Deploy.0 = Release|Any CPU
		{D38FDFE3-92AF-4F64-80B0-32DC94AB0273}.AppStore|iPhoneSimulator.ActiveCfg = Release|Any CPU
		{D38FDFE3-92AF-4F64-80B0-32DC94AB0273}.AppStore|iPhoneSimulator.Build.0 = Release|Any CPU
		{D38FDFE3-92AF-4F64-80B0-32DC94AB0273}.AppStore|iPhoneSimulator.Deploy.0 = Release|Any CPU
		{D38FDFE3-92AF-4F64-80B0-32DC94AB0273}.AppStore|x64.ActiveCfg = Release|x64
		{D38FDFE3-92AF-4F64-80B0-32DC94AB0273}.AppStore|x64.Build.0 = Release|x64
		{D38FDFE3-92AF-4F64-80B0-32DC94AB0273}.AppStore|x64.Deploy.0 = Release|x64
		{D38FDFE3-92AF-4F64-80B0-32DC94AB0273}.AppStore|x86.ActiveCfg = Release|x86
		{D38FDFE3-92AF-4F64-80B0-32DC94AB0273}.AppStore|x86.Build.0 = Release|x86
		{D38FDFE3-92AF-4F64-80B0-32DC94AB0273}.AppStore|x86.Deploy.0 = Release|x86
		{D38FDFE3-92AF-4F64-80B0-32DC94AB0273}.Debug|Any CPU.ActiveCfg = Debug|Any CPU
		{D38FDFE3-92AF-4F64-80B0-32DC94AB0273}.Debug|Any CPU.Build.0 = Debug|Any CPU
		{D38FDFE3-92AF-4F64-80B0-32DC94AB0273}.Debug|Any CPU.Deploy.0 = Debug|Any CPU
		{D38FDFE3-92AF-4F64-80B0-32DC94AB0273}.Debug|ARM.ActiveCfg = Debug|ARM
		{D38FDFE3-92AF-4F64-80B0-32DC94AB0273}.Debug|ARM.Build.0 = Debug|ARM
		{D38FDFE3-92AF-4F64-80B0-32DC94AB0273}.Debug|ARM.Deploy.0 = Debug|ARM
		{D38FDFE3-92AF-4F64-80B0-32DC94AB0273}.Debug|iPhone.ActiveCfg = Debug|Any CPU
		{D38FDFE3-92AF-4F64-80B0-32DC94AB0273}.Debug|iPhone.Build.0 = Debug|Any CPU
		{D38FDFE3-92AF-4F64-80B0-32DC94AB0273}.Debug|iPhone.Deploy.0 = Debug|Any CPU
		{D38FDFE3-92AF-4F64-80B0-32DC94AB0273}.Debug|iPhoneSimulator.ActiveCfg = Debug|Any CPU
		{D38FDFE3-92AF-4F64-80B0-32DC94AB0273}.Debug|iPhoneSimulator.Build.0 = Debug|Any CPU
		{D38FDFE3-92AF-4F64-80B0-32DC94AB0273}.Debug|iPhoneSimulator.Deploy.0 = Debug|Any CPU
		{D38FDFE3-92AF-4F64-80B0-32DC94AB0273}.Debug|x64.ActiveCfg = Debug|x64
		{D38FDFE3-92AF-4F64-80B0-32DC94AB0273}.Debug|x64.Build.0 = Debug|x64
		{D38FDFE3-92AF-4F64-80B0-32DC94AB0273}.Debug|x64.Deploy.0 = Debug|x64
		{D38FDFE3-92AF-4F64-80B0-32DC94AB0273}.Debug|x86.ActiveCfg = Debug|x86
		{D38FDFE3-92AF-4F64-80B0-32DC94AB0273}.Debug|x86.Build.0 = Debug|x86
		{D38FDFE3-92AF-4F64-80B0-32DC94AB0273}.Debug|x86.Deploy.0 = Debug|x86
		{D38FDFE3-92AF-4F64-80B0-32DC94AB0273}.Release|Any CPU.ActiveCfg = Release|Any CPU
		{D38FDFE3-92AF-4F64-80B0-32DC94AB0273}.Release|Any CPU.Build.0 = Release|Any CPU
		{D38FDFE3-92AF-4F64-80B0-32DC94AB0273}.Release|Any CPU.Deploy.0 = Release|Any CPU
		{D38FDFE3-92AF-4F64-80B0-32DC94AB0273}.Release|ARM.ActiveCfg = Release|ARM
		{D38FDFE3-92AF-4F64-80B0-32DC94AB0273}.Release|ARM.Build.0 = Release|ARM
		{D38FDFE3-92AF-4F64-80B0-32DC94AB0273}.Release|ARM.Deploy.0 = Release|ARM
		{D38FDFE3-92AF-4F64-80B0-32DC94AB0273}.Release|iPhone.ActiveCfg = Release|Any CPU
		{D38FDFE3-92AF-4F64-80B0-32DC94AB0273}.Release|iPhone.Build.0 = Release|Any CPU
		{D38FDFE3-92AF-4F64-80B0-32DC94AB0273}.Release|iPhone.Deploy.0 = Release|Any CPU
		{D38FDFE3-92AF-4F64-80B0-32DC94AB0273}.Release|iPhoneSimulator.ActiveCfg = Release|Any CPU
		{D38FDFE3-92AF-4F64-80B0-32DC94AB0273}.Release|iPhoneSimulator.Build.0 = Release|Any CPU
		{D38FDFE3-92AF-4F64-80B0-32DC94AB0273}.Release|iPhoneSimulator.Deploy.0 = Release|Any CPU
		{D38FDFE3-92AF-4F64-80B0-32DC94AB0273}.Release|x64.ActiveCfg = Release|x64
		{D38FDFE3-92AF-4F64-80B0-32DC94AB0273}.Release|x64.Build.0 = Release|x64
		{D38FDFE3-92AF-4F64-80B0-32DC94AB0273}.Release|x64.Deploy.0 = Release|x64
		{D38FDFE3-92AF-4F64-80B0-32DC94AB0273}.Release|x86.ActiveCfg = Release|x86
		{D38FDFE3-92AF-4F64-80B0-32DC94AB0273}.Release|x86.Build.0 = Release|x86
		{D38FDFE3-92AF-4F64-80B0-32DC94AB0273}.Release|x86.Deploy.0 = Release|x86
	EndGlobalSection
	GlobalSection(SolutionProperties) = preSolution
		HideSolutionNode = FALSE
	EndGlobalSection
EndGlobal
